
Microsoft Visual Studio Solution File, Format Version 12.00
# Visual Studio Version 17
VisualStudioVersion = 17.5.002.0
MinimumVisualStudioVersion = 10.0.40219.1
Project("{2150E333-8FDC-42A3-9474-1A3956D46DE8}") = "HomeWork.2", "HomeWork.2", "{BB2293D8-3FD5-4861-B037-5DD7FD958FB0}"
EndProject
Project("{9A19103F-16F7-4668-BE54-9A1E7A4F7556}") = "Task.1", "HomeWork.2\Task.1\Task.1.csproj", "{0BF282DD-5068-4C16-AFCF-B3CF4A973A0E}"
EndProject
Project("{2150E333-8FDC-42A3-9474-1A3956D46DE8}") = "Seminar.1", "Seminar.1", "{283150F4-22F9-4B65-9603-8330424A9586}"
EndProject
Project("{9A19103F-16F7-4668-BE54-9A1E7A4F7556}") = "Task.1", "Seminar.1\Task.1\Task.1.csproj", "{ED8F4C5B-D2AD-40A2-97A0-DDEF25ABC255}"
EndProject
Project("{9A19103F-16F7-4668-BE54-9A1E7A4F7556}") = "Task.2", "Seminar.1\Task.2\Task.2.csproj", "{2527F4E9-E714-442E-89B0-6BD199CA37EB}"
EndProject
Project("{9A19103F-16F7-4668-BE54-9A1E7A4F7556}") = "Task.3", "Seminar.1\Task.3\Task.3.csproj", "{63E8FCDF-018B-4993-832D-5E85BA1944C7}"
EndProject
Project("{9A19103F-16F7-4668-BE54-9A1E7A4F7556}") = "Task.4", "Seminar.1\Task.4\Task.4.csproj", "{ECF589ED-B161-47D9-8AE1-412C67ACAC69}"
EndProject
Project("{2150E333-8FDC-42A3-9474-1A3956D46DE8}") = "Seminar.2", "Seminar.2", "{FBC34B27-2313-4256-8EBD-F3CB9976B445}"
EndProject
Project("{9A19103F-16F7-4668-BE54-9A1E7A4F7556}") = "Task.1", "Seminar.2\Task.1\Task.1.csproj", "{36DE831E-DC8B-46FA-9A3A-67B2992EAC56}"
EndProject
Project("{9A19103F-16F7-4668-BE54-9A1E7A4F7556}") = "Task.2", "Seminar.2\Task.2\Task.2.csproj", "{49BDDE14-FA57-476A-B567-948A209FF510}"
EndProject
Global
	GlobalSection(SolutionConfigurationPlatforms) = preSolution
		Debug|Any CPU = Debug|Any CPU
		Release|Any CPU = Release|Any CPU
	EndGlobalSection
	GlobalSection(ProjectConfigurationPlatforms) = postSolution
		{0BF282DD-5068-4C16-AFCF-B3CF4A973A0E}.Debug|Any CPU.ActiveCfg = Debug|Any CPU
		{0BF282DD-5068-4C16-AFCF-B3CF4A973A0E}.Debug|Any CPU.Build.0 = Debug|Any CPU
		{0BF282DD-5068-4C16-AFCF-B3CF4A973A0E}.Release|Any CPU.ActiveCfg = Release|Any CPU
		{0BF282DD-5068-4C16-AFCF-B3CF4A973A0E}.Release|Any CPU.Build.0 = Release|Any CPU
		{ED8F4C5B-D2AD-40A2-97A0-DDEF25ABC255}.Debug|Any CPU.ActiveCfg = Debug|Any CPU
		{ED8F4C5B-D2AD-40A2-97A0-DDEF25ABC255}.Debug|Any CPU.Build.0 = Debug|Any CPU
		{ED8F4C5B-D2AD-40A2-97A0-DDEF25ABC255}.Release|Any CPU.ActiveCfg = Release|Any CPU
		{ED8F4C5B-D2AD-40A2-97A0-DDEF25ABC255}.Release|Any CPU.Build.0 = Release|Any CPU
		{2527F4E9-E714-442E-89B0-6BD199CA37EB}.Debug|Any CPU.ActiveCfg = Debug|Any CPU
		{2527F4E9-E714-442E-89B0-6BD199CA37EB}.Debug|Any CPU.Build.0 = Debug|Any CPU
		{2527F4E9-E714-442E-89B0-6BD199CA37EB}.Release|Any CPU.ActiveCfg = Release|Any CPU
		{2527F4E9-E714-442E-89B0-6BD199CA37EB}.Release|Any CPU.Build.0 = Release|Any CPU
		{63E8FCDF-018B-4993-832D-5E85BA1944C7}.Debug|Any CPU.ActiveCfg = Debug|Any CPU
		{63E8FCDF-018B-4993-832D-5E85BA1944C7}.Debug|Any CPU.Build.0 = Debug|Any CPU
		{63E8FCDF-018B-4993-832D-5E85BA1944C7}.Release|Any CPU.ActiveCfg = Release|Any CPU
		{63E8FCDF-018B-4993-832D-5E85BA1944C7}.Release|Any CPU.Build.0 = Release|Any CPU
		{ECF589ED-B161-47D9-8AE1-412C67ACAC69}.Debug|Any CPU.ActiveCfg = Debug|Any CPU
		{ECF589ED-B161-47D9-8AE1-412C67ACAC69}.Debug|Any CPU.Build.0 = Debug|Any CPU
		{ECF589ED-B161-47D9-8AE1-412C67ACAC69}.Release|Any CPU.ActiveCfg = Release|Any CPU
		{ECF589ED-B161-47D9-8AE1-412C67ACAC69}.Release|Any CPU.Build.0 = Release|Any CPU
		{36DE831E-DC8B-46FA-9A3A-67B2992EAC56}.Debug|Any CPU.ActiveCfg = Debug|Any CPU
		{36DE831E-DC8B-46FA-9A3A-67B2992EAC56}.Debug|Any CPU.Build.0 = Debug|Any CPU
		{36DE831E-DC8B-46FA-9A3A-67B2992EAC56}.Release|Any CPU.ActiveCfg = Release|Any CPU
		{36DE831E-DC8B-46FA-9A3A-67B2992EAC56}.Release|Any CPU.Build.0 = Release|Any CPU
		{49BDDE14-FA57-476A-B567-948A209FF510}.Debug|Any CPU.ActiveCfg = Debug|Any CPU
		{49BDDE14-FA57-476A-B567-948A209FF510}.Debug|Any CPU.Build.0 = Debug|Any CPU
		{49BDDE14-FA57-476A-B567-948A209FF510}.Release|Any CPU.ActiveCfg = Release|Any CPU
		{49BDDE14-FA57-476A-B567-948A209FF510}.Release|Any CPU.Build.0 = Release|Any CPU
	EndGlobalSection
	GlobalSection(SolutionProperties) = preSolution
		HideSolutionNode = FALSE
	EndGlobalSection
	GlobalSection(NestedProjects) = preSolution
		{0BF282DD-5068-4C16-AFCF-B3CF4A973A0E} = {BB2293D8-3FD5-4861-B037-5DD7FD958FB0}
		{ED8F4C5B-D2AD-40A2-97A0-DDEF25ABC255} = {283150F4-22F9-4B65-9603-8330424A9586}
		{2527F4E9-E714-442E-89B0-6BD199CA37EB} = {283150F4-22F9-4B65-9603-8330424A9586}
		{63E8FCDF-018B-4993-832D-5E85BA1944C7} = {283150F4-22F9-4B65-9603-8330424A9586}
		{ECF589ED-B161-47D9-8AE1-412C67ACAC69} = {283150F4-22F9-4B65-9603-8330424A9586}
		{36DE831E-DC8B-46FA-9A3A-67B2992EAC56} = {FBC34B27-2313-4256-8EBD-F3CB9976B445}
		{49BDDE14-FA57-476A-B567-948A209FF510} = {FBC34B27-2313-4256-8EBD-F3CB9976B445}
	EndGlobalSection
	GlobalSection(ExtensibilityGlobals) = postSolution
		SolutionGuid = {D3BC5127-28B5-4787-B2A6-369BBA25E09D}
	EndGlobalSection
EndGlobal
